
Microsoft Visual Studio Solution File, Format Version 12.00
# Visual Studio Version 17
VisualStudioVersion = 17.9.34723.18
MinimumVisualStudioVersion = 10.0.40219.1
Project("{8BC9CEB8-8B4A-11D0-8D11-00A0C91BC942}") = "Carbon", "Carbon\Carbon.vcxproj", "{D0360A50-A8EA-4876-A60F-CC7F21C6017D}"
	ProjectSection(ProjectDependencies) = postProject
		{AB94E855-39E7-41E9-9DC1-26019E63ADC5} = {AB94E855-39E7-41E9-9DC1-26019E63ADC5}
	EndProjectSection
EndProject
Project("{8BC9CEB8-8B4A-11D0-8D11-00A0C91BC942}") = "AddressDumper", "AddressDumper\AddressDumper.vcxproj", "{AB94E855-39E7-41E9-9DC1-26019E63ADC5}"
	ProjectSection(ProjectDependencies) = postProject
		{88A23124-5640-35A0-B890-311D7A67A7D2} = {88A23124-5640-35A0-B890-311D7A67A7D2}
	EndProjectSection
EndProject
Project("{8BC9CEB8-8B4A-11D0-8D11-00A0C91BC942}") = "Zydis", "zydis\msvc\zydis\Zydis.vcxproj", "{88A23124-5640-35A0-B890-311D7A67A7D2}"
EndProject
Project("{2150E333-8FDC-42A3-9474-1A3956D46DE8}") = "Common", "Common", "{78F450CD-C790-4C80-8667-FBF3E05DEABC}"
	ProjectSection(SolutionItems) = preProject
		Common\CarbonWindows.h = Common\CarbonWindows.h
		Common\Exception.ixx = Common\Exception.ixx
		Common\Formatter.ixx = Common\Formatter.ixx
		Common\LuauTypes.ixx = Common\LuauTypes.ixx
		Common\Pipes.ixx = Common\Pipes.ixx
		Common\RiblixStructures.ixx = Common\RiblixStructures.ixx
		Common\SharedAddresses.ixx = Common\SharedAddresses.ixx
		Common\StringUtils.ixx = Common\StringUtils.ixx
	EndProjectSection
EndProject
Project("{8BC9CEB8-8B4A-11D0-8D11-00A0C91BC942}") = "Injector", "Injector\Injector.vcxproj", "{AD8FF974-80B3-448B-83F1-91E8E402DF5C}"
	ProjectSection(ProjectDependencies) = postProject
		{AB94E855-39E7-41E9-9DC1-26019E63ADC5} = {AB94E855-39E7-41E9-9DC1-26019E63ADC5}
		{D0360A50-A8EA-4876-A60F-CC7F21C6017D} = {D0360A50-A8EA-4876-A60F-CC7F21C6017D}
	EndProjectSection
EndProject
Project("{FAE04EC0-301F-11D3-BF4B-00C04F79EFBC}") = "CarbonGui", "CarbonGui\CarbonGui.csproj", "{C043F59A-6330-4B94-8010-C9CECADBD35E}"
	ProjectSection(ProjectDependencies) = postProject
		{AD8FF974-80B3-448B-83F1-91E8E402DF5C} = {AD8FF974-80B3-448B-83F1-91E8E402DF5C}
	EndProjectSection
EndProject
Global
	GlobalSection(SolutionConfigurationPlatforms) = preSolution
		Debug Kernel|Any CPU = Debug Kernel|Any CPU
		Debug Kernel|x64 = Debug Kernel|x64
		Debug Kernel|x86 = Debug Kernel|x86
		Debug MT DLL|Any CPU = Debug MT DLL|Any CPU
		Debug MT DLL|x64 = Debug MT DLL|x64
		Debug MT DLL|x86 = Debug MT DLL|x86
		Debug MT|Any CPU = Debug MT|Any CPU
		Debug MT|x64 = Debug MT|x64
		Debug MT|x86 = Debug MT|x86
		Debug|Any CPU = Debug|Any CPU
		Debug|x64 = Debug|x64
		Debug|x86 = Debug|x86
		MinSizeRel|Any CPU = MinSizeRel|Any CPU
		MinSizeRel|x64 = MinSizeRel|x64
		MinSizeRel|x86 = MinSizeRel|x86
		Release Kernel|Any CPU = Release Kernel|Any CPU
		Release Kernel|x64 = Release Kernel|x64
		Release Kernel|x86 = Release Kernel|x86
		Release MT DLL|Any CPU = Release MT DLL|Any CPU
		Release MT DLL|x64 = Release MT DLL|x64
		Release MT DLL|x86 = Release MT DLL|x86
		Release MT|Any CPU = Release MT|Any CPU
		Release MT|x64 = Release MT|x64
		Release MT|x86 = Release MT|x86
		Release O0|Any CPU = Release O0|Any CPU
		Release O0|x64 = Release O0|x64
		Release O0|x86 = Release O0|x86
		Release|Any CPU = Release|Any CPU
		Release|x64 = Release|x64
		Release|x86 = Release|x86
		RelWithDebInfo|Any CPU = RelWithDebInfo|Any CPU
		RelWithDebInfo|x64 = RelWithDebInfo|x64
		RelWithDebInfo|x86 = RelWithDebInfo|x86
	EndGlobalSection
	GlobalSection(ProjectConfigurationPlatforms) = postSolution
		{D0360A50-A8EA-4876-A60F-CC7F21C6017D}.Debug Kernel|Any CPU.ActiveCfg = Debug|x64
		{D0360A50-A8EA-4876-A60F-CC7F21C6017D}.Debug Kernel|Any CPU.Build.0 = Debug|x64
		{D0360A50-A8EA-4876-A60F-CC7F21C6017D}.Debug Kernel|x64.ActiveCfg = Debug|x64
		{D0360A50-A8EA-4876-A60F-CC7F21C6017D}.Debug Kernel|x64.Build.0 = Debug|x64
		{D0360A50-A8EA-4876-A60F-CC7F21C6017D}.Debug Kernel|x86.ActiveCfg = Debug|Win32
		{D0360A50-A8EA-4876-A60F-CC7F21C6017D}.Debug Kernel|x86.Build.0 = Debug|Win32
		{D0360A50-A8EA-4876-A60F-CC7F21C6017D}.Debug MT DLL|Any CPU.ActiveCfg = Debug|x64
		{D0360A50-A8EA-4876-A60F-CC7F21C6017D}.Debug MT DLL|Any CPU.Build.0 = Debug|x64
		{D0360A50-A8EA-4876-A60F-CC7F21C6017D}.Debug MT DLL|x64.ActiveCfg = Debug|x64
		{D0360A50-A8EA-4876-A60F-CC7F21C6017D}.Debug MT DLL|x64.Build.0 = Debug|x64
		{D0360A50-A8EA-4876-A60F-CC7F21C6017D}.Debug MT DLL|x86.ActiveCfg = Debug|Win32
		{D0360A50-A8EA-4876-A60F-CC7F21C6017D}.Debug MT DLL|x86.Build.0 = Debug|Win32
		{D0360A50-A8EA-4876-A60F-CC7F21C6017D}.Debug MT|Any CPU.ActiveCfg = Debug|x64
		{D0360A50-A8EA-4876-A60F-CC7F21C6017D}.Debug MT|Any CPU.Build.0 = Debug|x64
		{D0360A50-A8EA-4876-A60F-CC7F21C6017D}.Debug MT|x64.ActiveCfg = Debug|x64
		{D0360A50-A8EA-4876-A60F-CC7F21C6017D}.Debug MT|x64.Build.0 = Debug|x64
		{D0360A50-A8EA-4876-A60F-CC7F21C6017D}.Debug MT|x86.ActiveCfg = Debug|Win32
		{D0360A50-A8EA-4876-A60F-CC7F21C6017D}.Debug MT|x86.Build.0 = Debug|Win32
		{D0360A50-A8EA-4876-A60F-CC7F21C6017D}.Debug|Any CPU.ActiveCfg = Debug|x64
		{D0360A50-A8EA-4876-A60F-CC7F21C6017D}.Debug|Any CPU.Build.0 = Debug|x64
		{D0360A50-A8EA-4876-A60F-CC7F21C6017D}.Debug|x64.ActiveCfg = Debug|x64
		{D0360A50-A8EA-4876-A60F-CC7F21C6017D}.Debug|x64.Build.0 = Debug|x64
		{D0360A50-A8EA-4876-A60F-CC7F21C6017D}.Debug|x86.ActiveCfg = Debug|Win32
		{D0360A50-A8EA-4876-A60F-CC7F21C6017D}.Debug|x86.Build.0 = Debug|Win32
		{D0360A50-A8EA-4876-A60F-CC7F21C6017D}.MinSizeRel|Any CPU.ActiveCfg = Release|x64
		{D0360A50-A8EA-4876-A60F-CC7F21C6017D}.MinSizeRel|Any CPU.Build.0 = Release|x64
		{D0360A50-A8EA-4876-A60F-CC7F21C6017D}.MinSizeRel|x64.ActiveCfg = Release|x64
		{D0360A50-A8EA-4876-A60F-CC7F21C6017D}.MinSizeRel|x64.Build.0 = Release|x64
		{D0360A50-A8EA-4876-A60F-CC7F21C6017D}.MinSizeRel|x86.ActiveCfg = Release|Win32
		{D0360A50-A8EA-4876-A60F-CC7F21C6017D}.MinSizeRel|x86.Build.0 = Release|Win32
		{D0360A50-A8EA-4876-A60F-CC7F21C6017D}.Release Kernel|Any CPU.ActiveCfg = Release|x64
		{D0360A50-A8EA-4876-A60F-CC7F21C6017D}.Release Kernel|Any CPU.Build.0 = Release|x64
		{D0360A50-A8EA-4876-A60F-CC7F21C6017D}.Release Kernel|x64.ActiveCfg = Release|x64
		{D0360A50-A8EA-4876-A60F-CC7F21C6017D}.Release Kernel|x64.Build.0 = Release|x64
		{D0360A50-A8EA-4876-A60F-CC7F21C6017D}.Release Kernel|x86.ActiveCfg = Release|Win32
		{D0360A50-A8EA-4876-A60F-CC7F21C6017D}.Release Kernel|x86.Build.0 = Release|Win32
		{D0360A50-A8EA-4876-A60F-CC7F21C6017D}.Release MT DLL|Any CPU.ActiveCfg = Release|x64
		{D0360A50-A8EA-4876-A60F-CC7F21C6017D}.Release MT DLL|Any CPU.Build.0 = Release|x64
		{D0360A50-A8EA-4876-A60F-CC7F21C6017D}.Release MT DLL|x64.ActiveCfg = Release|x64
		{D0360A50-A8EA-4876-A60F-CC7F21C6017D}.Release MT DLL|x64.Build.0 = Release|x64
		{D0360A50-A8EA-4876-A60F-CC7F21C6017D}.Release MT DLL|x86.ActiveCfg = Release|Win32
		{D0360A50-A8EA-4876-A60F-CC7F21C6017D}.Release MT DLL|x86.Build.0 = Release|Win32
		{D0360A50-A8EA-4876-A60F-CC7F21C6017D}.Release MT|Any CPU.ActiveCfg = Release|x64
		{D0360A50-A8EA-4876-A60F-CC7F21C6017D}.Release MT|Any CPU.Build.0 = Release|x64
		{D0360A50-A8EA-4876-A60F-CC7F21C6017D}.Release MT|x64.ActiveCfg = Release|x64
		{D0360A50-A8EA-4876-A60F-CC7F21C6017D}.Release MT|x64.Build.0 = Release|x64
		{D0360A50-A8EA-4876-A60F-CC7F21C6017D}.Release MT|x86.ActiveCfg = Release|Win32
		{D0360A50-A8EA-4876-A60F-CC7F21C6017D}.Release MT|x86.Build.0 = Release|Win32
		{D0360A50-A8EA-4876-A60F-CC7F21C6017D}.Release O0|Any CPU.ActiveCfg = Release O0|x64
		{D0360A50-A8EA-4876-A60F-CC7F21C6017D}.Release O0|Any CPU.Build.0 = Release O0|x64
		{D0360A50-A8EA-4876-A60F-CC7F21C6017D}.Release O0|x64.ActiveCfg = Release O0|x64
		{D0360A50-A8EA-4876-A60F-CC7F21C6017D}.Release O0|x64.Build.0 = Release O0|x64
		{D0360A50-A8EA-4876-A60F-CC7F21C6017D}.Release O0|x86.ActiveCfg = Release O0|Win32
		{D0360A50-A8EA-4876-A60F-CC7F21C6017D}.Release O0|x86.Build.0 = Release O0|Win32
		{D0360A50-A8EA-4876-A60F-CC7F21C6017D}.Release|Any CPU.ActiveCfg = Release|x64
		{D0360A50-A8EA-4876-A60F-CC7F21C6017D}.Release|Any CPU.Build.0 = Release|x64
		{D0360A50-A8EA-4876-A60F-CC7F21C6017D}.Release|x64.ActiveCfg = Release|x64
		{D0360A50-A8EA-4876-A60F-CC7F21C6017D}.Release|x64.Build.0 = Release|x64
		{D0360A50-A8EA-4876-A60F-CC7F21C6017D}.Release|x86.ActiveCfg = Release|Win32
		{D0360A50-A8EA-4876-A60F-CC7F21C6017D}.Release|x86.Build.0 = Release|Win32
		{D0360A50-A8EA-4876-A60F-CC7F21C6017D}.RelWithDebInfo|Any CPU.ActiveCfg = Release|x64
		{D0360A50-A8EA-4876-A60F-CC7F21C6017D}.RelWithDebInfo|Any CPU.Build.0 = Release|x64
		{D0360A50-A8EA-4876-A60F-CC7F21C6017D}.RelWithDebInfo|x64.ActiveCfg = Release|x64
		{D0360A50-A8EA-4876-A60F-CC7F21C6017D}.RelWithDebInfo|x64.Build.0 = Release|x64
		{D0360A50-A8EA-4876-A60F-CC7F21C6017D}.RelWithDebInfo|x86.ActiveCfg = Release|Win32
		{D0360A50-A8EA-4876-A60F-CC7F21C6017D}.RelWithDebInfo|x86.Build.0 = Release|Win32
		{AB94E855-39E7-41E9-9DC1-26019E63ADC5}.Debug Kernel|Any CPU.ActiveCfg = Debug|x64
		{AB94E855-39E7-41E9-9DC1-26019E63ADC5}.Debug Kernel|Any CPU.Build.0 = Debug|x64
		{AB94E855-39E7-41E9-9DC1-26019E63ADC5}.Debug Kernel|x64.ActiveCfg = Debug|x64
		{AB94E855-39E7-41E9-9DC1-26019E63ADC5}.Debug Kernel|x64.Build.0 = Debug|x64
		{AB94E855-39E7-41E9-9DC1-26019E63ADC5}.Debug Kernel|x86.ActiveCfg = Debug|Win32
		{AB94E855-39E7-41E9-9DC1-26019E63ADC5}.Debug Kernel|x86.Build.0 = Debug|Win32
		{AB94E855-39E7-41E9-9DC1-26019E63ADC5}.Debug MT DLL|Any CPU.ActiveCfg = Debug|x64
		{AB94E855-39E7-41E9-9DC1-26019E63ADC5}.Debug MT DLL|Any CPU.Build.0 = Debug|x64
		{AB94E855-39E7-41E9-9DC1-26019E63ADC5}.Debug MT DLL|x64.ActiveCfg = Debug|x64
		{AB94E855-39E7-41E9-9DC1-26019E63ADC5}.Debug MT DLL|x64.Build.0 = Debug|x64
		{AB94E855-39E7-41E9-9DC1-26019E63ADC5}.Debug MT DLL|x86.ActiveCfg = Debug|Win32
		{AB94E855-39E7-41E9-9DC1-26019E63ADC5}.Debug MT DLL|x86.Build.0 = Debug|Win32
		{AB94E855-39E7-41E9-9DC1-26019E63ADC5}.Debug MT|Any CPU.ActiveCfg = Debug|x64
		{AB94E855-39E7-41E9-9DC1-26019E63ADC5}.Debug MT|Any CPU.Build.0 = Debug|x64
		{AB94E855-39E7-41E9-9DC1-26019E63ADC5}.Debug MT|x64.ActiveCfg = Debug|x64
		{AB94E855-39E7-41E9-9DC1-26019E63ADC5}.Debug MT|x64.Build.0 = Debug|x64
		{AB94E855-39E7-41E9-9DC1-26019E63ADC5}.Debug MT|x86.ActiveCfg = Debug|Win32
		{AB94E855-39E7-41E9-9DC1-26019E63ADC5}.Debug MT|x86.Build.0 = Debug|Win32
		{AB94E855-39E7-41E9-9DC1-26019E63ADC5}.Debug|Any CPU.ActiveCfg = Debug|x64
		{AB94E855-39E7-41E9-9DC1-26019E63ADC5}.Debug|Any CPU.Build.0 = Debug|x64
		{AB94E855-39E7-41E9-9DC1-26019E63ADC5}.Debug|x64.ActiveCfg = Debug|x64
		{AB94E855-39E7-41E9-9DC1-26019E63ADC5}.Debug|x64.Build.0 = Debug|x64
		{AB94E855-39E7-41E9-9DC1-26019E63ADC5}.Debug|x86.ActiveCfg = Debug|Win32
		{AB94E855-39E7-41E9-9DC1-26019E63ADC5}.Debug|x86.Build.0 = Debug|Win32
		{AB94E855-39E7-41E9-9DC1-26019E63ADC5}.MinSizeRel|Any CPU.ActiveCfg = Release|x64
		{AB94E855-39E7-41E9-9DC1-26019E63ADC5}.MinSizeRel|Any CPU.Build.0 = Release|x64
		{AB94E855-39E7-41E9-9DC1-26019E63ADC5}.MinSizeRel|x64.ActiveCfg = Release|x64
		{AB94E855-39E7-41E9-9DC1-26019E63ADC5}.MinSizeRel|x64.Build.0 = Release|x64
		{AB94E855-39E7-41E9-9DC1-26019E63ADC5}.MinSizeRel|x86.ActiveCfg = Release|Win32
		{AB94E855-39E7-41E9-9DC1-26019E63ADC5}.MinSizeRel|x86.Build.0 = Release|Win32
		{AB94E855-39E7-41E9-9DC1-26019E63ADC5}.Release Kernel|Any CPU.ActiveCfg = Release|x64
		{AB94E855-39E7-41E9-9DC1-26019E63ADC5}.Release Kernel|Any CPU.Build.0 = Release|x64
		{AB94E855-39E7-41E9-9DC1-26019E63ADC5}.Release Kernel|x64.ActiveCfg = Release|x64
		{AB94E855-39E7-41E9-9DC1-26019E63ADC5}.Release Kernel|x64.Build.0 = Release|x64
		{AB94E855-39E7-41E9-9DC1-26019E63ADC5}.Release Kernel|x86.ActiveCfg = Release|Win32
		{AB94E855-39E7-41E9-9DC1-26019E63ADC5}.Release Kernel|x86.Build.0 = Release|Win32
		{AB94E855-39E7-41E9-9DC1-26019E63ADC5}.Release MT DLL|Any CPU.ActiveCfg = Release|x64
		{AB94E855-39E7-41E9-9DC1-26019E63ADC5}.Release MT DLL|Any CPU.Build.0 = Release|x64
		{AB94E855-39E7-41E9-9DC1-26019E63ADC5}.Release MT DLL|x64.ActiveCfg = Release|x64
		{AB94E855-39E7-41E9-9DC1-26019E63ADC5}.Release MT DLL|x64.Build.0 = Release|x64
		{AB94E855-39E7-41E9-9DC1-26019E63ADC5}.Release MT DLL|x86.ActiveCfg = Release|Win32
		{AB94E855-39E7-41E9-9DC1-26019E63ADC5}.Release MT DLL|x86.Build.0 = Release|Win32
		{AB94E855-39E7-41E9-9DC1-26019E63ADC5}.Release MT|Any CPU.ActiveCfg = Release|x64
		{AB94E855-39E7-41E9-9DC1-26019E63ADC5}.Release MT|Any CPU.Build.0 = Release|x64
		{AB94E855-39E7-41E9-9DC1-26019E63ADC5}.Release MT|x64.ActiveCfg = Release|x64
		{AB94E855-39E7-41E9-9DC1-26019E63ADC5}.Release MT|x64.Build.0 = Release|x64
		{AB94E855-39E7-41E9-9DC1-26019E63ADC5}.Release MT|x86.ActiveCfg = Release|Win32
		{AB94E855-39E7-41E9-9DC1-26019E63ADC5}.Release MT|x86.Build.0 = Release|Win32
		{AB94E855-39E7-41E9-9DC1-26019E63ADC5}.Release O0|Any CPU.ActiveCfg = Release O0|x64
		{AB94E855-39E7-41E9-9DC1-26019E63ADC5}.Release O0|Any CPU.Build.0 = Release O0|x64
		{AB94E855-39E7-41E9-9DC1-26019E63ADC5}.Release O0|x64.ActiveCfg = Release O0|x64
		{AB94E855-39E7-41E9-9DC1-26019E63ADC5}.Release O0|x64.Build.0 = Release O0|x64
		{AB94E855-39E7-41E9-9DC1-26019E63ADC5}.Release O0|x86.ActiveCfg = Release O0|Win32
		{AB94E855-39E7-41E9-9DC1-26019E63ADC5}.Release O0|x86.Build.0 = Release O0|Win32
		{AB94E855-39E7-41E9-9DC1-26019E63ADC5}.Release|Any CPU.ActiveCfg = Release|x64
		{AB94E855-39E7-41E9-9DC1-26019E63ADC5}.Release|Any CPU.Build.0 = Release|x64
		{AB94E855-39E7-41E9-9DC1-26019E63ADC5}.Release|x64.ActiveCfg = Release|x64
		{AB94E855-39E7-41E9-9DC1-26019E63ADC5}.Release|x64.Build.0 = Release|x64
		{AB94E855-39E7-41E9-9DC1-26019E63ADC5}.Release|x86.ActiveCfg = Release|Win32
		{AB94E855-39E7-41E9-9DC1-26019E63ADC5}.Release|x86.Build.0 = Release|Win32
		{AB94E855-39E7-41E9-9DC1-26019E63ADC5}.RelWithDebInfo|Any CPU.ActiveCfg = Release|x64
		{AB94E855-39E7-41E9-9DC1-26019E63ADC5}.RelWithDebInfo|Any CPU.Build.0 = Release|x64
		{AB94E855-39E7-41E9-9DC1-26019E63ADC5}.RelWithDebInfo|x64.ActiveCfg = Release|x64
		{AB94E855-39E7-41E9-9DC1-26019E63ADC5}.RelWithDebInfo|x64.Build.0 = Release|x64
		{AB94E855-39E7-41E9-9DC1-26019E63ADC5}.RelWithDebInfo|x86.ActiveCfg = Release|Win32
		{AB94E855-39E7-41E9-9DC1-26019E63ADC5}.RelWithDebInfo|x86.Build.0 = Release|Win32
		{88A23124-5640-35A0-B890-311D7A67A7D2}.Debug Kernel|Any CPU.ActiveCfg = Debug Kernel|x64
		{88A23124-5640-35A0-B890-311D7A67A7D2}.Debug Kernel|Any CPU.Build.0 = Debug Kernel|x64
		{88A23124-5640-35A0-B890-311D7A67A7D2}.Debug Kernel|x64.ActiveCfg = Debug Kernel|x64
		{88A23124-5640-35A0-B890-311D7A67A7D2}.Debug Kernel|x64.Build.0 = Debug Kernel|x64
		{88A23124-5640-35A0-B890-311D7A67A7D2}.Debug Kernel|x86.ActiveCfg = Debug Kernel|Win32
		{88A23124-5640-35A0-B890-311D7A67A7D2}.Debug Kernel|x86.Build.0 = Debug Kernel|Win32
		{88A23124-5640-35A0-B890-311D7A67A7D2}.Debug MT DLL|Any CPU.ActiveCfg = Debug MT DLL|x64
		{88A23124-5640-35A0-B890-311D7A67A7D2}.Debug MT DLL|Any CPU.Build.0 = Debug MT DLL|x64
		{88A23124-5640-35A0-B890-311D7A67A7D2}.Debug MT DLL|x64.ActiveCfg = Debug MT DLL|x64
		{88A23124-5640-35A0-B890-311D7A67A7D2}.Debug MT DLL|x64.Build.0 = Debug MT DLL|x64
		{88A23124-5640-35A0-B890-311D7A67A7D2}.Debug MT DLL|x86.ActiveCfg = Debug MT DLL|Win32
		{88A23124-5640-35A0-B890-311D7A67A7D2}.Debug MT DLL|x86.Build.0 = Debug MT DLL|Win32
		{88A23124-5640-35A0-B890-311D7A67A7D2}.Debug MT|Any CPU.ActiveCfg = Debug MT|x64
		{88A23124-5640-35A0-B890-311D7A67A7D2}.Debug MT|Any CPU.Build.0 = Debug MT|x64
		{88A23124-5640-35A0-B890-311D7A67A7D2}.Debug MT|x64.ActiveCfg = Debug MT|x64
		{88A23124-5640-35A0-B890-311D7A67A7D2}.Debug MT|x64.Build.0 = Debug MT|x64
		{88A23124-5640-35A0-B890-311D7A67A7D2}.Debug MT|x86.ActiveCfg = Debug MT|Win32
		{88A23124-5640-35A0-B890-311D7A67A7D2}.Debug MT|x86.Build.0 = Debug MT|Win32
		{88A23124-5640-35A0-B890-311D7A67A7D2}.Debug|Any CPU.ActiveCfg = Debug MT|x64
		{88A23124-5640-35A0-B890-311D7A67A7D2}.Debug|Any CPU.Build.0 = Debug MT|x64
		{88A23124-5640-35A0-B890-311D7A67A7D2}.Debug|x64.ActiveCfg = Debug MT|x64
		{88A23124-5640-35A0-B890-311D7A67A7D2}.Debug|x64.Build.0 = Debug MT|x64
		{88A23124-5640-35A0-B890-311D7A67A7D2}.Debug|x86.ActiveCfg = Debug MD|Win32
		{88A23124-5640-35A0-B890-311D7A67A7D2}.Debug|x86.Build.0 = Debug MD|Win32
		{88A23124-5640-35A0-B890-311D7A67A7D2}.MinSizeRel|Any CPU.ActiveCfg = Release MT DLL|x64
		{88A23124-5640-35A0-B890-311D7A67A7D2}.MinSizeRel|Any CPU.Build.0 = Release MT DLL|x64
		{88A23124-5640-35A0-B890-311D7A67A7D2}.MinSizeRel|x64.ActiveCfg = Release MT|x64
		{88A23124-5640-35A0-B890-311D7A67A7D2}.MinSizeRel|x64.Build.0 = Release MT|x64
		{88A23124-5640-35A0-B890-311D7A67A7D2}.MinSizeRel|x86.ActiveCfg = Release MT|Win32
		{88A23124-5640-35A0-B890-311D7A67A7D2}.MinSizeRel|x86.Build.0 = Release MT|Win32
		{88A23124-5640-35A0-B890-311D7A67A7D2}.Release Kernel|Any CPU.ActiveCfg = Release Kernel|x64
		{88A23124-5640-35A0-B890-311D7A67A7D2}.Release Kernel|Any CPU.Build.0 = Release Kernel|x64
		{88A23124-5640-35A0-B890-311D7A67A7D2}.Release Kernel|x64.ActiveCfg = Release Kernel|x64
		{88A23124-5640-35A0-B890-311D7A67A7D2}.Release Kernel|x64.Build.0 = Release Kernel|x64
		{88A23124-5640-35A0-B890-311D7A67A7D2}.Release Kernel|x86.ActiveCfg = Release Kernel|Win32
		{88A23124-5640-35A0-B890-311D7A67A7D2}.Release Kernel|x86.Build.0 = Release Kernel|Win32
		{88A23124-5640-35A0-B890-311D7A67A7D2}.Release MT DLL|Any CPU.ActiveCfg = Release MT DLL|x64
		{88A23124-5640-35A0-B890-311D7A67A7D2}.Release MT DLL|Any CPU.Build.0 = Release MT DLL|x64
		{88A23124-5640-35A0-B890-311D7A67A7D2}.Release MT DLL|x64.ActiveCfg = Release MT DLL|x64
		{88A23124-5640-35A0-B890-311D7A67A7D2}.Release MT DLL|x64.Build.0 = Release MT DLL|x64
		{88A23124-5640-35A0-B890-311D7A67A7D2}.Release MT DLL|x86.ActiveCfg = Release MT DLL|Win32
		{88A23124-5640-35A0-B890-311D7A67A7D2}.Release MT DLL|x86.Build.0 = Release MT DLL|Win32
		{88A23124-5640-35A0-B890-311D7A67A7D2}.Release MT|Any CPU.ActiveCfg = Release MT|x64
		{88A23124-5640-35A0-B890-311D7A67A7D2}.Release MT|Any CPU.Build.0 = Release MT|x64
		{88A23124-5640-35A0-B890-311D7A67A7D2}.Release MT|x64.ActiveCfg = Release MT|x64
		{88A23124-5640-35A0-B890-311D7A67A7D2}.Release MT|x64.Build.0 = Release MT|x64
		{88A23124-5640-35A0-B890-311D7A67A7D2}.Release MT|x86.ActiveCfg = Release MT|Win32
		{88A23124-5640-35A0-B890-311D7A67A7D2}.Release MT|x86.Build.0 = Release MT|Win32
		{88A23124-5640-35A0-B890-311D7A67A7D2}.Release O0|Any CPU.ActiveCfg = Release O0|x64
		{88A23124-5640-35A0-B890-311D7A67A7D2}.Release O0|Any CPU.Build.0 = Release O0|x64
		{88A23124-5640-35A0-B890-311D7A67A7D2}.Release O0|x64.ActiveCfg = Release O0|x64
		{88A23124-5640-35A0-B890-311D7A67A7D2}.Release O0|x64.Build.0 = Release O0|x64
		{88A23124-5640-35A0-B890-311D7A67A7D2}.Release O0|x86.ActiveCfg = Release O0|Win32
		{88A23124-5640-35A0-B890-311D7A67A7D2}.Release O0|x86.Build.0 = Release O0|Win32
		{88A23124-5640-35A0-B890-311D7A67A7D2}.Release|Any CPU.ActiveCfg = Release MT|x64
		{88A23124-5640-35A0-B890-311D7A67A7D2}.Release|Any CPU.Build.0 = Release MT|x64
		{88A23124-5640-35A0-B890-311D7A67A7D2}.Release|x64.ActiveCfg = Release MT|x64
		{88A23124-5640-35A0-B890-311D7A67A7D2}.Release|x64.Build.0 = Release MT|x64
		{88A23124-5640-35A0-B890-311D7A67A7D2}.Release|x86.ActiveCfg = Release MT DLL|Win32
		{88A23124-5640-35A0-B890-311D7A67A7D2}.Release|x86.Build.0 = Release MT DLL|Win32
		{88A23124-5640-35A0-B890-311D7A67A7D2}.RelWithDebInfo|Any CPU.ActiveCfg = Release MT DLL|x64
		{88A23124-5640-35A0-B890-311D7A67A7D2}.RelWithDebInfo|Any CPU.Build.0 = Release MT DLL|x64
		{88A23124-5640-35A0-B890-311D7A67A7D2}.RelWithDebInfo|x64.ActiveCfg = Release MT DLL|x64
		{88A23124-5640-35A0-B890-311D7A67A7D2}.RelWithDebInfo|x64.Build.0 = Release MT DLL|x64
		{88A23124-5640-35A0-B890-311D7A67A7D2}.RelWithDebInfo|x86.ActiveCfg = Release MT DLL|Win32
		{88A23124-5640-35A0-B890-311D7A67A7D2}.RelWithDebInfo|x86.Build.0 = Release MT DLL|Win32
		{AD8FF974-80B3-448B-83F1-91E8E402DF5C}.Debug Kernel|Any CPU.ActiveCfg = Debug|x64
		{AD8FF974-80B3-448B-83F1-91E8E402DF5C}.Debug Kernel|Any CPU.Build.0 = Debug|x64
		{AD8FF974-80B3-448B-83F1-91E8E402DF5C}.Debug Kernel|x64.ActiveCfg = Debug|x64
		{AD8FF974-80B3-448B-83F1-91E8E402DF5C}.Debug Kernel|x64.Build.0 = Debug|x64
		{AD8FF974-80B3-448B-83F1-91E8E402DF5C}.Debug Kernel|x86.ActiveCfg = Debug|Win32
		{AD8FF974-80B3-448B-83F1-91E8E402DF5C}.Debug Kernel|x86.Build.0 = Debug|Win32
		{AD8FF974-80B3-448B-83F1-91E8E402DF5C}.Debug MT DLL|Any CPU.ActiveCfg = Debug|x64
		{AD8FF974-80B3-448B-83F1-91E8E402DF5C}.Debug MT DLL|Any CPU.Build.0 = Debug|x64
		{AD8FF974-80B3-448B-83F1-91E8E402DF5C}.Debug MT DLL|x64.ActiveCfg = Debug|x64
		{AD8FF974-80B3-448B-83F1-91E8E402DF5C}.Debug MT DLL|x64.Build.0 = Debug|x64
		{AD8FF974-80B3-448B-83F1-91E8E402DF5C}.Debug MT DLL|x86.ActiveCfg = Debug|Win32
		{AD8FF974-80B3-448B-83F1-91E8E402DF5C}.Debug MT DLL|x86.Build.0 = Debug|Win32
		{AD8FF974-80B3-448B-83F1-91E8E402DF5C}.Debug MT|Any CPU.ActiveCfg = Debug|x64
		{AD8FF974-80B3-448B-83F1-91E8E402DF5C}.Debug MT|Any CPU.Build.0 = Debug|x64
		{AD8FF974-80B3-448B-83F1-91E8E402DF5C}.Debug MT|x64.ActiveCfg = Debug|x64
		{AD8FF974-80B3-448B-83F1-91E8E402DF5C}.Debug MT|x64.Build.0 = Debug|x64
		{AD8FF974-80B3-448B-83F1-91E8E402DF5C}.Debug MT|x86.ActiveCfg = Debug|Win32
		{AD8FF974-80B3-448B-83F1-91E8E402DF5C}.Debug MT|x86.Build.0 = Debug|Win32
		{AD8FF974-80B3-448B-83F1-91E8E402DF5C}.Debug|Any CPU.ActiveCfg = Debug|x64
		{AD8FF974-80B3-448B-83F1-91E8E402DF5C}.Debug|Any CPU.Build.0 = Debug|x64
		{AD8FF974-80B3-448B-83F1-91E8E402DF5C}.Debug|x64.ActiveCfg = Debug|x64
		{AD8FF974-80B3-448B-83F1-91E8E402DF5C}.Debug|x64.Build.0 = Debug|x64
		{AD8FF974-80B3-448B-83F1-91E8E402DF5C}.Debug|x86.ActiveCfg = Debug|Win32
		{AD8FF974-80B3-448B-83F1-91E8E402DF5C}.Debug|x86.Build.0 = Debug|Win32
		{AD8FF974-80B3-448B-83F1-91E8E402DF5C}.MinSizeRel|Any CPU.ActiveCfg = Release|x64
		{AD8FF974-80B3-448B-83F1-91E8E402DF5C}.MinSizeRel|Any CPU.Build.0 = Release|x64
		{AD8FF974-80B3-448B-83F1-91E8E402DF5C}.MinSizeRel|x64.ActiveCfg = Release|x64
		{AD8FF974-80B3-448B-83F1-91E8E402DF5C}.MinSizeRel|x64.Build.0 = Release|x64
		{AD8FF974-80B3-448B-83F1-91E8E402DF5C}.MinSizeRel|x86.ActiveCfg = Release|Win32
		{AD8FF974-80B3-448B-83F1-91E8E402DF5C}.MinSizeRel|x86.Build.0 = Release|Win32
		{AD8FF974-80B3-448B-83F1-91E8E402DF5C}.Release Kernel|Any CPU.ActiveCfg = Release|x64
		{AD8FF974-80B3-448B-83F1-91E8E402DF5C}.Release Kernel|Any CPU.Build.0 = Release|x64
		{AD8FF974-80B3-448B-83F1-91E8E402DF5C}.Release Kernel|x64.ActiveCfg = Release|x64
		{AD8FF974-80B3-448B-83F1-91E8E402DF5C}.Release Kernel|x64.Build.0 = Release|x64
		{AD8FF974-80B3-448B-83F1-91E8E402DF5C}.Release Kernel|x86.ActiveCfg = Release|Win32
		{AD8FF974-80B3-448B-83F1-91E8E402DF5C}.Release Kernel|x86.Build.0 = Release|Win32
		{AD8FF974-80B3-448B-83F1-91E8E402DF5C}.Release MT DLL|Any CPU.ActiveCfg = Release|x64
		{AD8FF974-80B3-448B-83F1-91E8E402DF5C}.Release MT DLL|Any CPU.Build.0 = Release|x64
		{AD8FF974-80B3-448B-83F1-91E8E402DF5C}.Release MT DLL|x64.ActiveCfg = Release|x64
		{AD8FF974-80B3-448B-83F1-91E8E402DF5C}.Release MT DLL|x64.Build.0 = Release|x64
		{AD8FF974-80B3-448B-83F1-91E8E402DF5C}.Release MT DLL|x86.ActiveCfg = Release|Win32
		{AD8FF974-80B3-448B-83F1-91E8E402DF5C}.Release MT DLL|x86.Build.0 = Release|Win32
		{AD8FF974-80B3-448B-83F1-91E8E402DF5C}.Release MT|Any CPU.ActiveCfg = Release|x64
		{AD8FF974-80B3-448B-83F1-91E8E402DF5C}.Release MT|Any CPU.Build.0 = Release|x64
		{AD8FF974-80B3-448B-83F1-91E8E402DF5C}.Release MT|x64.ActiveCfg = Release|x64
		{AD8FF974-80B3-448B-83F1-91E8E402DF5C}.Release MT|x64.Build.0 = Release|x64
		{AD8FF974-80B3-448B-83F1-91E8E402DF5C}.Release MT|x86.ActiveCfg = Release|Win32
		{AD8FF974-80B3-448B-83F1-91E8E402DF5C}.Release MT|x86.Build.0 = Release|Win32
		{AD8FF974-80B3-448B-83F1-91E8E402DF5C}.Release O0|Any CPU.ActiveCfg = Release O0|x64
		{AD8FF974-80B3-448B-83F1-91E8E402DF5C}.Release O0|Any CPU.Build.0 = Release O0|x64
		{AD8FF974-80B3-448B-83F1-91E8E402DF5C}.Release O0|x64.ActiveCfg = Release O0|x64
		{AD8FF974-80B3-448B-83F1-91E8E402DF5C}.Release O0|x64.Build.0 = Release O0|x64
		{AD8FF974-80B3-448B-83F1-91E8E402DF5C}.Release O0|x86.ActiveCfg = Release O0|Win32
		{AD8FF974-80B3-448B-83F1-91E8E402DF5C}.Release O0|x86.Build.0 = Release O0|Win32
		{AD8FF974-80B3-448B-83F1-91E8E402DF5C}.Release|Any CPU.ActiveCfg = Release|x64
		{AD8FF974-80B3-448B-83F1-91E8E402DF5C}.Release|Any CPU.Build.0 = Release|x64
		{AD8FF974-80B3-448B-83F1-91E8E402DF5C}.Release|x64.ActiveCfg = Release|x64
		{AD8FF974-80B3-448B-83F1-91E8E402DF5C}.Release|x64.Build.0 = Release|x64
		{AD8FF974-80B3-448B-83F1-91E8E402DF5C}.Release|x86.ActiveCfg = Release|Win32
		{AD8FF974-80B3-448B-83F1-91E8E402DF5C}.Release|x86.Build.0 = Release|Win32
		{AD8FF974-80B3-448B-83F1-91E8E402DF5C}.RelWithDebInfo|Any CPU.ActiveCfg = Release|x64
		{AD8FF974-80B3-448B-83F1-91E8E402DF5C}.RelWithDebInfo|Any CPU.Build.0 = Release|x64
		{AD8FF974-80B3-448B-83F1-91E8E402DF5C}.RelWithDebInfo|x64.ActiveCfg = Release|x64
		{AD8FF974-80B3-448B-83F1-91E8E402DF5C}.RelWithDebInfo|x64.Build.0 = Release|x64
		{AD8FF974-80B3-448B-83F1-91E8E402DF5C}.RelWithDebInfo|x86.ActiveCfg = Release|Win32
		{AD8FF974-80B3-448B-83F1-91E8E402DF5C}.RelWithDebInfo|x86.Build.0 = Release|Win32
		{C043F59A-6330-4B94-8010-C9CECADBD35E}.Debug Kernel|Any CPU.ActiveCfg = Debug|Any CPU
		{C043F59A-6330-4B94-8010-C9CECADBD35E}.Debug Kernel|Any CPU.Build.0 = Debug|Any CPU
		{C043F59A-6330-4B94-8010-C9CECADBD35E}.Debug Kernel|x64.ActiveCfg = Debug|Any CPU
		{C043F59A-6330-4B94-8010-C9CECADBD35E}.Debug Kernel|x64.Build.0 = Debug|Any CPU
		{C043F59A-6330-4B94-8010-C9CECADBD35E}.Debug Kernel|x86.ActiveCfg = Debug|Any CPU
		{C043F59A-6330-4B94-8010-C9CECADBD35E}.Debug Kernel|x86.Build.0 = Debug|Any CPU
		{C043F59A-6330-4B94-8010-C9CECADBD35E}.Debug MT DLL|Any CPU.ActiveCfg = Debug|Any CPU
		{C043F59A-6330-4B94-8010-C9CECADBD35E}.Debug MT DLL|Any CPU.Build.0 = Debug|Any CPU
		{C043F59A-6330-4B94-8010-C9CECADBD35E}.Debug MT DLL|x64.ActiveCfg = Debug|Any CPU
		{C043F59A-6330-4B94-8010-C9CECADBD35E}.Debug MT DLL|x64.Build.0 = Debug|Any CPU
		{C043F59A-6330-4B94-8010-C9CECADBD35E}.Debug MT DLL|x86.ActiveCfg = Debug|Any CPU
		{C043F59A-6330-4B94-8010-C9CECADBD35E}.Debug MT DLL|x86.Build.0 = Debug|Any CPU
		{C043F59A-6330-4B94-8010-C9CECADBD35E}.Debug MT|Any CPU.ActiveCfg = Debug|Any CPU
		{C043F59A-6330-4B94-8010-C9CECADBD35E}.Debug MT|Any CPU.Build.0 = Debug|Any CPU
		{C043F59A-6330-4B94-8010-C9CECADBD35E}.Debug MT|x64.ActiveCfg = Debug|Any CPU
		{C043F59A-6330-4B94-8010-C9CECADBD35E}.Debug MT|x64.Build.0 = Debug|Any CPU
		{C043F59A-6330-4B94-8010-C9CECADBD35E}.Debug MT|x86.ActiveCfg = Debug|Any CPU
		{C043F59A-6330-4B94-8010-C9CECADBD35E}.Debug MT|x86.Build.0 = Debug|Any CPU
		{C043F59A-6330-4B94-8010-C9CECADBD35E}.Debug|Any CPU.ActiveCfg = Debug|Any CPU
		{C043F59A-6330-4B94-8010-C9CECADBD35E}.Debug|Any CPU.Build.0 = Debug|Any CPU
		{C043F59A-6330-4B94-8010-C9CECADBD35E}.Debug|x64.ActiveCfg = Debug|Any CPU
		{C043F59A-6330-4B94-8010-C9CECADBD35E}.Debug|x64.Build.0 = Debug|Any CPU
		{C043F59A-6330-4B94-8010-C9CECADBD35E}.Debug|x86.ActiveCfg = Debug|Any CPU
		{C043F59A-6330-4B94-8010-C9CECADBD35E}.Debug|x86.Build.0 = Debug|Any CPU
		{C043F59A-6330-4B94-8010-C9CECADBD35E}.MinSizeRel|Any CPU.ActiveCfg = Debug|Any CPU
		{C043F59A-6330-4B94-8010-C9CECADBD35E}.MinSizeRel|Any CPU.Build.0 = Debug|Any CPU
		{C043F59A-6330-4B94-8010-C9CECADBD35E}.MinSizeRel|x64.ActiveCfg = Debug|Any CPU
		{C043F59A-6330-4B94-8010-C9CECADBD35E}.MinSizeRel|x64.Build.0 = Debug|Any CPU
		{C043F59A-6330-4B94-8010-C9CECADBD35E}.MinSizeRel|x86.ActiveCfg = Debug|Any CPU
		{C043F59A-6330-4B94-8010-C9CECADBD35E}.MinSizeRel|x86.Build.0 = Debug|Any CPU
		{C043F59A-6330-4B94-8010-C9CECADBD35E}.Release Kernel|Any CPU.ActiveCfg = Release|Any CPU
		{C043F59A-6330-4B94-8010-C9CECADBD35E}.Release Kernel|Any CPU.Build.0 = Release|Any CPU
		{C043F59A-6330-4B94-8010-C9CECADBD35E}.Release Kernel|x64.ActiveCfg = Release|Any CPU
		{C043F59A-6330-4B94-8010-C9CECADBD35E}.Release Kernel|x64.Build.0 = Release|Any CPU
		{C043F59A-6330-4B94-8010-C9CECADBD35E}.Release Kernel|x86.ActiveCfg = Release|Any CPU
		{C043F59A-6330-4B94-8010-C9CECADBD35E}.Release Kernel|x86.Build.0 = Release|Any CPU
		{C043F59A-6330-4B94-8010-C9CECADBD35E}.Release MT DLL|Any CPU.ActiveCfg = Release|Any CPU
		{C043F59A-6330-4B94-8010-C9CECADBD35E}.Release MT DLL|Any CPU.Build.0 = Release|Any CPU
		{C043F59A-6330-4B94-8010-C9CECADBD35E}.Release MT DLL|x64.ActiveCfg = Release|Any CPU
		{C043F59A-6330-4B94-8010-C9CECADBD35E}.Release MT DLL|x64.Build.0 = Release|Any CPU
		{C043F59A-6330-4B94-8010-C9CECADBD35E}.Release MT DLL|x86.ActiveCfg = Release|Any CPU
		{C043F59A-6330-4B94-8010-C9CECADBD35E}.Release MT DLL|x86.Build.0 = Release|Any CPU
		{C043F59A-6330-4B94-8010-C9CECADBD35E}.Release MT|Any CPU.ActiveCfg = Release|Any CPU
		{C043F59A-6330-4B94-8010-C9CECADBD35E}.Release MT|Any CPU.Build.0 = Release|Any CPU
		{C043F59A-6330-4B94-8010-C9CECADBD35E}.Release MT|x64.ActiveCfg = Release|Any CPU
		{C043F59A-6330-4B94-8010-C9CECADBD35E}.Release MT|x64.Build.0 = Release|Any CPU
		{C043F59A-6330-4B94-8010-C9CECADBD35E}.Release MT|x86.ActiveCfg = Release|Any CPU
		{C043F59A-6330-4B94-8010-C9CECADBD35E}.Release MT|x86.Build.0 = Release|Any CPU
		{C043F59A-6330-4B94-8010-C9CECADBD35E}.Release O0|Any CPU.ActiveCfg = Release O0|Any CPU
		{C043F59A-6330-4B94-8010-C9CECADBD35E}.Release O0|Any CPU.Build.0 = Release O0|Any CPU
		{C043F59A-6330-4B94-8010-C9CECADBD35E}.Release O0|x64.ActiveCfg = Release O0|Any CPU
		{C043F59A-6330-4B94-8010-C9CECADBD35E}.Release O0|x64.Build.0 = Release O0|Any CPU
		{C043F59A-6330-4B94-8010-C9CECADBD35E}.Release O0|x86.ActiveCfg = Release O0|Any CPU
		{C043F59A-6330-4B94-8010-C9CECADBD35E}.Release O0|x86.Build.0 = Release O0|Any CPU
		{C043F59A-6330-4B94-8010-C9CECADBD35E}.Release|Any CPU.ActiveCfg = Release|Any CPU
		{C043F59A-6330-4B94-8010-C9CECADBD35E}.Release|Any CPU.Build.0 = Release|Any CPU
		{C043F59A-6330-4B94-8010-C9CECADBD35E}.Release|x64.ActiveCfg = Release|Any CPU
		{C043F59A-6330-4B94-8010-C9CECADBD35E}.Release|x64.Build.0 = Release|Any CPU
		{C043F59A-6330-4B94-8010-C9CECADBD35E}.Release|x86.ActiveCfg = Release|Any CPU
		{C043F59A-6330-4B94-8010-C9CECADBD35E}.Release|x86.Build.0 = Release|Any CPU
		{C043F59A-6330-4B94-8010-C9CECADBD35E}.RelWithDebInfo|Any CPU.ActiveCfg = Release|Any CPU
		{C043F59A-6330-4B94-8010-C9CECADBD35E}.RelWithDebInfo|Any CPU.Build.0 = Release|Any CPU
		{C043F59A-6330-4B94-8010-C9CECADBD35E}.RelWithDebInfo|x64.ActiveCfg = Release|Any CPU
		{C043F59A-6330-4B94-8010-C9CECADBD35E}.RelWithDebInfo|x64.Build.0 = Release|Any CPU
		{C043F59A-6330-4B94-8010-C9CECADBD35E}.RelWithDebInfo|x86.ActiveCfg = Release|Any CPU
		{C043F59A-6330-4B94-8010-C9CECADBD35E}.RelWithDebInfo|x86.Build.0 = Release|Any CPU
	EndGlobalSection
	GlobalSection(SolutionProperties) = preSolution
		HideSolutionNode = FALSE
	EndGlobalSection
	GlobalSection(ExtensibilityGlobals) = postSolution
		SolutionGuid = {851AEECD-EDB5-4D8C-A7C3-158AD2183F71}
	EndGlobalSection
EndGlobal
