
Microsoft Visual Studio Solution File, Format Version 12.00
# Visual Studio Version 17
VisualStudioVersion = 17.9.34723.18
MinimumVisualStudioVersion = 10.0.40219.1
Project("{8BC9CEB8-8B4A-11D0-8D11-00A0C91BC942}") = "Coal", "Coal\Coal.vcxproj", "{D0360A50-A8EA-4876-A60F-CC7F21C6017D}"
	ProjectSection(ProjectDependencies) = postProject
		{AB94E855-39E7-41E9-9DC1-26019E63ADC5} = {AB94E855-39E7-41E9-9DC1-26019E63ADC5}
		{AD8FF974-80B3-448B-83F1-91E8E402DF5C} = {AD8FF974-80B3-448B-83F1-91E8E402DF5C}
	EndProjectSection
EndProject
Project("{8BC9CEB8-8B4A-11D0-8D11-00A0C91BC942}") = "AddressDumper", "AddressDumper\AddressDumper.vcxproj", "{AB94E855-39E7-41E9-9DC1-26019E63ADC5}"
	ProjectSection(ProjectDependencies) = postProject
		{88A23124-5640-35A0-B890-311D7A67A7D2} = {88A23124-5640-35A0-B890-311D7A67A7D2}
	EndProjectSection
EndProject
Project("{8BC9CEB8-8B4A-11D0-8D11-00A0C91BC942}") = "Zydis", "zydis\msvc\zydis\Zydis.vcxproj", "{88A23124-5640-35A0-B890-311D7A67A7D2}"
EndProject
Project("{2150E333-8FDC-42A3-9474-1A3956D46DE8}") = "Common", "Common", "{78F450CD-C790-4C80-8667-FBF3E05DEABC}"
	ProjectSection(SolutionItems) = preProject
		Common\Exception.h = Common\Exception.h
		Common\Formatter.h = Common\Formatter.h
		Common\Pipes.h = Common\Pipes.h
		Common\Riblix.h = Common\Riblix.h
		Common\Utils.h = Common\Utils.h
		Common\Windows.h = Common\Windows.h
	EndProjectSection
EndProject
Project("{8BC9CEB8-8B4A-11D0-8D11-00A0C91BC942}") = "Injector", "Injector\Injector.vcxproj", "{AD8FF974-80B3-448B-83F1-91E8E402DF5C}"
EndProject
Project("{2150E333-8FDC-42A3-9474-1A3956D46DE8}") = "Luau", "Luau", "{E15D6100-A91F-4C0C-A988-6D943A40DECD}"
	ProjectSection(SolutionItems) = preProject
		Common\Luau\Lib.h = Common\Luau\Lib.h
		Common\Luau\Riblix.h = Common\Luau\Riblix.h
		Common\Luau\Luau.h = Common\Luau\Luau.h
	EndProjectSection
EndProject
Global
	GlobalSection(SolutionConfigurationPlatforms) = preSolution
		Debug Kernel|x64 = Debug Kernel|x64
		Debug Kernel|x86 = Debug Kernel|x86
		Debug MD DLL|x64 = Debug MD DLL|x64
		Debug MD DLL|x86 = Debug MD DLL|x86
		Debug MD|x64 = Debug MD|x64
		Debug MD|x86 = Debug MD|x86
		Debug MT DLL|x64 = Debug MT DLL|x64
		Debug MT DLL|x86 = Debug MT DLL|x86
		Debug MT|x64 = Debug MT|x64
		Debug MT|x86 = Debug MT|x86
		Debug|x64 = Debug|x64
		Debug|x86 = Debug|x86
		Release Kernel|x64 = Release Kernel|x64
		Release Kernel|x86 = Release Kernel|x86
		Release MD DLL|x64 = Release MD DLL|x64
		Release MD DLL|x86 = Release MD DLL|x86
		Release MD|x64 = Release MD|x64
		Release MD|x86 = Release MD|x86
		Release MT DLL|x64 = Release MT DLL|x64
		Release MT DLL|x86 = Release MT DLL|x86
		Release MT|x64 = Release MT|x64
		Release MT|x86 = Release MT|x86
		Release|x64 = Release|x64
		Release|x86 = Release|x86
	EndGlobalSection
	GlobalSection(ProjectConfigurationPlatforms) = postSolution
		{D0360A50-A8EA-4876-A60F-CC7F21C6017D}.Debug Kernel|x64.ActiveCfg = Debug|x64
		{D0360A50-A8EA-4876-A60F-CC7F21C6017D}.Debug Kernel|x64.Build.0 = Debug|x64
		{D0360A50-A8EA-4876-A60F-CC7F21C6017D}.Debug Kernel|x86.ActiveCfg = Debug|Win32
		{D0360A50-A8EA-4876-A60F-CC7F21C6017D}.Debug Kernel|x86.Build.0 = Debug|Win32
		{D0360A50-A8EA-4876-A60F-CC7F21C6017D}.Debug MD DLL|x64.ActiveCfg = Debug|x64
		{D0360A50-A8EA-4876-A60F-CC7F21C6017D}.Debug MD DLL|x64.Build.0 = Debug|x64
		{D0360A50-A8EA-4876-A60F-CC7F21C6017D}.Debug MD DLL|x86.ActiveCfg = Debug|Win32
		{D0360A50-A8EA-4876-A60F-CC7F21C6017D}.Debug MD DLL|x86.Build.0 = Debug|Win32
		{D0360A50-A8EA-4876-A60F-CC7F21C6017D}.Debug MD|x64.ActiveCfg = Debug|x64
		{D0360A50-A8EA-4876-A60F-CC7F21C6017D}.Debug MD|x64.Build.0 = Debug|x64
		{D0360A50-A8EA-4876-A60F-CC7F21C6017D}.Debug MD|x86.ActiveCfg = Debug|Win32
		{D0360A50-A8EA-4876-A60F-CC7F21C6017D}.Debug MD|x86.Build.0 = Debug|Win32
		{D0360A50-A8EA-4876-A60F-CC7F21C6017D}.Debug MT DLL|x64.ActiveCfg = Debug|x64
		{D0360A50-A8EA-4876-A60F-CC7F21C6017D}.Debug MT DLL|x64.Build.0 = Debug|x64
		{D0360A50-A8EA-4876-A60F-CC7F21C6017D}.Debug MT DLL|x86.ActiveCfg = Debug|Win32
		{D0360A50-A8EA-4876-A60F-CC7F21C6017D}.Debug MT DLL|x86.Build.0 = Debug|Win32
		{D0360A50-A8EA-4876-A60F-CC7F21C6017D}.Debug MT|x64.ActiveCfg = Debug|x64
		{D0360A50-A8EA-4876-A60F-CC7F21C6017D}.Debug MT|x64.Build.0 = Debug|x64
		{D0360A50-A8EA-4876-A60F-CC7F21C6017D}.Debug MT|x86.ActiveCfg = Debug|Win32
		{D0360A50-A8EA-4876-A60F-CC7F21C6017D}.Debug MT|x86.Build.0 = Debug|Win32
		{D0360A50-A8EA-4876-A60F-CC7F21C6017D}.Debug|x64.ActiveCfg = Debug|x64
		{D0360A50-A8EA-4876-A60F-CC7F21C6017D}.Debug|x64.Build.0 = Debug|x64
		{D0360A50-A8EA-4876-A60F-CC7F21C6017D}.Debug|x86.ActiveCfg = Debug|Win32
		{D0360A50-A8EA-4876-A60F-CC7F21C6017D}.Debug|x86.Build.0 = Debug|Win32
		{D0360A50-A8EA-4876-A60F-CC7F21C6017D}.Release Kernel|x64.ActiveCfg = Release|x64
		{D0360A50-A8EA-4876-A60F-CC7F21C6017D}.Release Kernel|x64.Build.0 = Release|x64
		{D0360A50-A8EA-4876-A60F-CC7F21C6017D}.Release Kernel|x86.ActiveCfg = Release|Win32
		{D0360A50-A8EA-4876-A60F-CC7F21C6017D}.Release Kernel|x86.Build.0 = Release|Win32
		{D0360A50-A8EA-4876-A60F-CC7F21C6017D}.Release MD DLL|x64.ActiveCfg = Release|x64
		{D0360A50-A8EA-4876-A60F-CC7F21C6017D}.Release MD DLL|x64.Build.0 = Release|x64
		{D0360A50-A8EA-4876-A60F-CC7F21C6017D}.Release MD DLL|x86.ActiveCfg = Release|Win32
		{D0360A50-A8EA-4876-A60F-CC7F21C6017D}.Release MD DLL|x86.Build.0 = Release|Win32
		{D0360A50-A8EA-4876-A60F-CC7F21C6017D}.Release MD|x64.ActiveCfg = Release|x64
		{D0360A50-A8EA-4876-A60F-CC7F21C6017D}.Release MD|x64.Build.0 = Release|x64
		{D0360A50-A8EA-4876-A60F-CC7F21C6017D}.Release MD|x86.ActiveCfg = Release|Win32
		{D0360A50-A8EA-4876-A60F-CC7F21C6017D}.Release MD|x86.Build.0 = Release|Win32
		{D0360A50-A8EA-4876-A60F-CC7F21C6017D}.Release MT DLL|x64.ActiveCfg = Release|x64
		{D0360A50-A8EA-4876-A60F-CC7F21C6017D}.Release MT DLL|x64.Build.0 = Release|x64
		{D0360A50-A8EA-4876-A60F-CC7F21C6017D}.Release MT DLL|x86.ActiveCfg = Release|Win32
		{D0360A50-A8EA-4876-A60F-CC7F21C6017D}.Release MT DLL|x86.Build.0 = Release|Win32
		{D0360A50-A8EA-4876-A60F-CC7F21C6017D}.Release MT|x64.ActiveCfg = Release|x64
		{D0360A50-A8EA-4876-A60F-CC7F21C6017D}.Release MT|x64.Build.0 = Release|x64
		{D0360A50-A8EA-4876-A60F-CC7F21C6017D}.Release MT|x86.ActiveCfg = Release|Win32
		{D0360A50-A8EA-4876-A60F-CC7F21C6017D}.Release MT|x86.Build.0 = Release|Win32
		{D0360A50-A8EA-4876-A60F-CC7F21C6017D}.Release|x64.ActiveCfg = Release|x64
		{D0360A50-A8EA-4876-A60F-CC7F21C6017D}.Release|x64.Build.0 = Release|x64
		{D0360A50-A8EA-4876-A60F-CC7F21C6017D}.Release|x86.ActiveCfg = Release|Win32
		{D0360A50-A8EA-4876-A60F-CC7F21C6017D}.Release|x86.Build.0 = Release|Win32
		{AB94E855-39E7-41E9-9DC1-26019E63ADC5}.Debug Kernel|x64.ActiveCfg = Debug|x64
		{AB94E855-39E7-41E9-9DC1-26019E63ADC5}.Debug Kernel|x64.Build.0 = Debug|x64
		{AB94E855-39E7-41E9-9DC1-26019E63ADC5}.Debug Kernel|x86.ActiveCfg = Debug|Win32
		{AB94E855-39E7-41E9-9DC1-26019E63ADC5}.Debug Kernel|x86.Build.0 = Debug|Win32
		{AB94E855-39E7-41E9-9DC1-26019E63ADC5}.Debug MD DLL|x64.ActiveCfg = Debug|x64
		{AB94E855-39E7-41E9-9DC1-26019E63ADC5}.Debug MD DLL|x64.Build.0 = Debug|x64
		{AB94E855-39E7-41E9-9DC1-26019E63ADC5}.Debug MD DLL|x86.ActiveCfg = Debug|Win32
		{AB94E855-39E7-41E9-9DC1-26019E63ADC5}.Debug MD DLL|x86.Build.0 = Debug|Win32
		{AB94E855-39E7-41E9-9DC1-26019E63ADC5}.Debug MD|x64.ActiveCfg = Debug|x64
		{AB94E855-39E7-41E9-9DC1-26019E63ADC5}.Debug MD|x64.Build.0 = Debug|x64
		{AB94E855-39E7-41E9-9DC1-26019E63ADC5}.Debug MD|x86.ActiveCfg = Debug|Win32
		{AB94E855-39E7-41E9-9DC1-26019E63ADC5}.Debug MD|x86.Build.0 = Debug|Win32
		{AB94E855-39E7-41E9-9DC1-26019E63ADC5}.Debug MT DLL|x64.ActiveCfg = Debug|x64
		{AB94E855-39E7-41E9-9DC1-26019E63ADC5}.Debug MT DLL|x64.Build.0 = Debug|x64
		{AB94E855-39E7-41E9-9DC1-26019E63ADC5}.Debug MT DLL|x86.ActiveCfg = Debug|Win32
		{AB94E855-39E7-41E9-9DC1-26019E63ADC5}.Debug MT DLL|x86.Build.0 = Debug|Win32
		{AB94E855-39E7-41E9-9DC1-26019E63ADC5}.Debug MT|x64.ActiveCfg = Debug|x64
		{AB94E855-39E7-41E9-9DC1-26019E63ADC5}.Debug MT|x64.Build.0 = Debug|x64
		{AB94E855-39E7-41E9-9DC1-26019E63ADC5}.Debug MT|x86.ActiveCfg = Debug|Win32
		{AB94E855-39E7-41E9-9DC1-26019E63ADC5}.Debug MT|x86.Build.0 = Debug|Win32
		{AB94E855-39E7-41E9-9DC1-26019E63ADC5}.Debug|x64.ActiveCfg = Debug|x64
		{AB94E855-39E7-41E9-9DC1-26019E63ADC5}.Debug|x64.Build.0 = Debug|x64
		{AB94E855-39E7-41E9-9DC1-26019E63ADC5}.Debug|x86.ActiveCfg = Debug|Win32
		{AB94E855-39E7-41E9-9DC1-26019E63ADC5}.Debug|x86.Build.0 = Debug|Win32
		{AB94E855-39E7-41E9-9DC1-26019E63ADC5}.Release Kernel|x64.ActiveCfg = Release|x64
		{AB94E855-39E7-41E9-9DC1-26019E63ADC5}.Release Kernel|x64.Build.0 = Release|x64
		{AB94E855-39E7-41E9-9DC1-26019E63ADC5}.Release Kernel|x86.ActiveCfg = Release|Win32
		{AB94E855-39E7-41E9-9DC1-26019E63ADC5}.Release Kernel|x86.Build.0 = Release|Win32
		{AB94E855-39E7-41E9-9DC1-26019E63ADC5}.Release MD DLL|x64.ActiveCfg = Release|x64
		{AB94E855-39E7-41E9-9DC1-26019E63ADC5}.Release MD DLL|x64.Build.0 = Release|x64
		{AB94E855-39E7-41E9-9DC1-26019E63ADC5}.Release MD DLL|x86.ActiveCfg = Release|Win32
		{AB94E855-39E7-41E9-9DC1-26019E63ADC5}.Release MD DLL|x86.Build.0 = Release|Win32
		{AB94E855-39E7-41E9-9DC1-26019E63ADC5}.Release MD|x64.ActiveCfg = Release|x64
		{AB94E855-39E7-41E9-9DC1-26019E63ADC5}.Release MD|x64.Build.0 = Release|x64
		{AB94E855-39E7-41E9-9DC1-26019E63ADC5}.Release MD|x86.ActiveCfg = Release|Win32
		{AB94E855-39E7-41E9-9DC1-26019E63ADC5}.Release MD|x86.Build.0 = Release|Win32
		{AB94E855-39E7-41E9-9DC1-26019E63ADC5}.Release MT DLL|x64.ActiveCfg = Release|x64
		{AB94E855-39E7-41E9-9DC1-26019E63ADC5}.Release MT DLL|x64.Build.0 = Release|x64
		{AB94E855-39E7-41E9-9DC1-26019E63ADC5}.Release MT DLL|x86.ActiveCfg = Release|Win32
		{AB94E855-39E7-41E9-9DC1-26019E63ADC5}.Release MT DLL|x86.Build.0 = Release|Win32
		{AB94E855-39E7-41E9-9DC1-26019E63ADC5}.Release MT|x64.ActiveCfg = Release|x64
		{AB94E855-39E7-41E9-9DC1-26019E63ADC5}.Release MT|x64.Build.0 = Release|x64
		{AB94E855-39E7-41E9-9DC1-26019E63ADC5}.Release MT|x86.ActiveCfg = Release|Win32
		{AB94E855-39E7-41E9-9DC1-26019E63ADC5}.Release MT|x86.Build.0 = Release|Win32
		{AB94E855-39E7-41E9-9DC1-26019E63ADC5}.Release|x64.ActiveCfg = Release|x64
		{AB94E855-39E7-41E9-9DC1-26019E63ADC5}.Release|x64.Build.0 = Release|x64
		{AB94E855-39E7-41E9-9DC1-26019E63ADC5}.Release|x86.ActiveCfg = Release|Win32
		{AB94E855-39E7-41E9-9DC1-26019E63ADC5}.Release|x86.Build.0 = Release|Win32
		{88A23124-5640-35A0-B890-311D7A67A7D2}.Debug Kernel|x64.ActiveCfg = Debug Kernel|x64
		{88A23124-5640-35A0-B890-311D7A67A7D2}.Debug Kernel|x64.Build.0 = Debug Kernel|x64
		{88A23124-5640-35A0-B890-311D7A67A7D2}.Debug Kernel|x86.ActiveCfg = Debug Kernel|Win32
		{88A23124-5640-35A0-B890-311D7A67A7D2}.Debug Kernel|x86.Build.0 = Debug Kernel|Win32
		{88A23124-5640-35A0-B890-311D7A67A7D2}.Debug MD DLL|x64.ActiveCfg = Debug MD DLL|x64
		{88A23124-5640-35A0-B890-311D7A67A7D2}.Debug MD DLL|x64.Build.0 = Debug MD DLL|x64
		{88A23124-5640-35A0-B890-311D7A67A7D2}.Debug MD DLL|x86.ActiveCfg = Debug MD DLL|Win32
		{88A23124-5640-35A0-B890-311D7A67A7D2}.Debug MD DLL|x86.Build.0 = Debug MD DLL|Win32
		{88A23124-5640-35A0-B890-311D7A67A7D2}.Debug MD|x64.ActiveCfg = Debug MD|x64
		{88A23124-5640-35A0-B890-311D7A67A7D2}.Debug MD|x64.Build.0 = Debug MD|x64
		{88A23124-5640-35A0-B890-311D7A67A7D2}.Debug MD|x86.ActiveCfg = Debug MD|Win32
		{88A23124-5640-35A0-B890-311D7A67A7D2}.Debug MD|x86.Build.0 = Debug MD|Win32
		{88A23124-5640-35A0-B890-311D7A67A7D2}.Debug MT DLL|x64.ActiveCfg = Debug MT DLL|x64
		{88A23124-5640-35A0-B890-311D7A67A7D2}.Debug MT DLL|x64.Build.0 = Debug MT DLL|x64
		{88A23124-5640-35A0-B890-311D7A67A7D2}.Debug MT DLL|x86.ActiveCfg = Debug MT DLL|Win32
		{88A23124-5640-35A0-B890-311D7A67A7D2}.Debug MT DLL|x86.Build.0 = Debug MT DLL|Win32
		{88A23124-5640-35A0-B890-311D7A67A7D2}.Debug MT|x64.ActiveCfg = Debug MT|x64
		{88A23124-5640-35A0-B890-311D7A67A7D2}.Debug MT|x64.Build.0 = Debug MT|x64
		{88A23124-5640-35A0-B890-311D7A67A7D2}.Debug MT|x86.ActiveCfg = Debug MT|Win32
		{88A23124-5640-35A0-B890-311D7A67A7D2}.Debug MT|x86.Build.0 = Debug MT|Win32
		{88A23124-5640-35A0-B890-311D7A67A7D2}.Debug|x64.ActiveCfg = Debug MT|x64
		{88A23124-5640-35A0-B890-311D7A67A7D2}.Debug|x64.Build.0 = Debug MT|x64
		{88A23124-5640-35A0-B890-311D7A67A7D2}.Debug|x86.ActiveCfg = Debug MD|Win32
		{88A23124-5640-35A0-B890-311D7A67A7D2}.Debug|x86.Build.0 = Debug MD|Win32
		{88A23124-5640-35A0-B890-311D7A67A7D2}.Release Kernel|x64.ActiveCfg = Release Kernel|x64
		{88A23124-5640-35A0-B890-311D7A67A7D2}.Release Kernel|x64.Build.0 = Release Kernel|x64
		{88A23124-5640-35A0-B890-311D7A67A7D2}.Release Kernel|x86.ActiveCfg = Release Kernel|Win32
		{88A23124-5640-35A0-B890-311D7A67A7D2}.Release Kernel|x86.Build.0 = Release Kernel|Win32
		{88A23124-5640-35A0-B890-311D7A67A7D2}.Release MD DLL|x64.ActiveCfg = Release MD DLL|x64
		{88A23124-5640-35A0-B890-311D7A67A7D2}.Release MD DLL|x64.Build.0 = Release MD DLL|x64
		{88A23124-5640-35A0-B890-311D7A67A7D2}.Release MD DLL|x86.ActiveCfg = Release MD DLL|Win32
		{88A23124-5640-35A0-B890-311D7A67A7D2}.Release MD DLL|x86.Build.0 = Release MD DLL|Win32
		{88A23124-5640-35A0-B890-311D7A67A7D2}.Release MD|x64.ActiveCfg = Release MD|x64
		{88A23124-5640-35A0-B890-311D7A67A7D2}.Release MD|x64.Build.0 = Release MD|x64
		{88A23124-5640-35A0-B890-311D7A67A7D2}.Release MD|x86.ActiveCfg = Release MD|Win32
		{88A23124-5640-35A0-B890-311D7A67A7D2}.Release MD|x86.Build.0 = Release MD|Win32
		{88A23124-5640-35A0-B890-311D7A67A7D2}.Release MT DLL|x64.ActiveCfg = Release MT DLL|x64
		{88A23124-5640-35A0-B890-311D7A67A7D2}.Release MT DLL|x64.Build.0 = Release MT DLL|x64
		{88A23124-5640-35A0-B890-311D7A67A7D2}.Release MT DLL|x86.ActiveCfg = Release MT DLL|Win32
		{88A23124-5640-35A0-B890-311D7A67A7D2}.Release MT DLL|x86.Build.0 = Release MT DLL|Win32
		{88A23124-5640-35A0-B890-311D7A67A7D2}.Release MT|x64.ActiveCfg = Release MT|x64
		{88A23124-5640-35A0-B890-311D7A67A7D2}.Release MT|x64.Build.0 = Release MT|x64
		{88A23124-5640-35A0-B890-311D7A67A7D2}.Release MT|x86.ActiveCfg = Release MT|Win32
		{88A23124-5640-35A0-B890-311D7A67A7D2}.Release MT|x86.Build.0 = Release MT|Win32
		{88A23124-5640-35A0-B890-311D7A67A7D2}.Release|x64.ActiveCfg = Release MT|x64
		{88A23124-5640-35A0-B890-311D7A67A7D2}.Release|x64.Build.0 = Release MT|x64
		{88A23124-5640-35A0-B890-311D7A67A7D2}.Release|x86.ActiveCfg = Release MT DLL|Win32
		{88A23124-5640-35A0-B890-311D7A67A7D2}.Release|x86.Build.0 = Release MT DLL|Win32
		{AD8FF974-80B3-448B-83F1-91E8E402DF5C}.Debug Kernel|x64.ActiveCfg = Debug|x64
		{AD8FF974-80B3-448B-83F1-91E8E402DF5C}.Debug Kernel|x64.Build.0 = Debug|x64
		{AD8FF974-80B3-448B-83F1-91E8E402DF5C}.Debug Kernel|x86.ActiveCfg = Debug|Win32
		{AD8FF974-80B3-448B-83F1-91E8E402DF5C}.Debug Kernel|x86.Build.0 = Debug|Win32
		{AD8FF974-80B3-448B-83F1-91E8E402DF5C}.Debug MD DLL|x64.ActiveCfg = Debug|x64
		{AD8FF974-80B3-448B-83F1-91E8E402DF5C}.Debug MD DLL|x64.Build.0 = Debug|x64
		{AD8FF974-80B3-448B-83F1-91E8E402DF5C}.Debug MD DLL|x86.ActiveCfg = Debug|Win32
		{AD8FF974-80B3-448B-83F1-91E8E402DF5C}.Debug MD DLL|x86.Build.0 = Debug|Win32
		{AD8FF974-80B3-448B-83F1-91E8E402DF5C}.Debug MD|x64.ActiveCfg = Debug|x64
		{AD8FF974-80B3-448B-83F1-91E8E402DF5C}.Debug MD|x64.Build.0 = Debug|x64
		{AD8FF974-80B3-448B-83F1-91E8E402DF5C}.Debug MD|x86.ActiveCfg = Debug|Win32
		{AD8FF974-80B3-448B-83F1-91E8E402DF5C}.Debug MD|x86.Build.0 = Debug|Win32
		{AD8FF974-80B3-448B-83F1-91E8E402DF5C}.Debug MT DLL|x64.ActiveCfg = Debug|x64
		{AD8FF974-80B3-448B-83F1-91E8E402DF5C}.Debug MT DLL|x64.Build.0 = Debug|x64
		{AD8FF974-80B3-448B-83F1-91E8E402DF5C}.Debug MT DLL|x86.ActiveCfg = Debug|Win32
		{AD8FF974-80B3-448B-83F1-91E8E402DF5C}.Debug MT DLL|x86.Build.0 = Debug|Win32
		{AD8FF974-80B3-448B-83F1-91E8E402DF5C}.Debug MT|x64.ActiveCfg = Debug|x64
		{AD8FF974-80B3-448B-83F1-91E8E402DF5C}.Debug MT|x64.Build.0 = Debug|x64
		{AD8FF974-80B3-448B-83F1-91E8E402DF5C}.Debug MT|x86.ActiveCfg = Debug|Win32
		{AD8FF974-80B3-448B-83F1-91E8E402DF5C}.Debug MT|x86.Build.0 = Debug|Win32
		{AD8FF974-80B3-448B-83F1-91E8E402DF5C}.Debug|x64.ActiveCfg = Debug|x64
		{AD8FF974-80B3-448B-83F1-91E8E402DF5C}.Debug|x64.Build.0 = Debug|x64
		{AD8FF974-80B3-448B-83F1-91E8E402DF5C}.Debug|x86.ActiveCfg = Debug|Win32
		{AD8FF974-80B3-448B-83F1-91E8E402DF5C}.Debug|x86.Build.0 = Debug|Win32
		{AD8FF974-80B3-448B-83F1-91E8E402DF5C}.Release Kernel|x64.ActiveCfg = Release|x64
		{AD8FF974-80B3-448B-83F1-91E8E402DF5C}.Release Kernel|x64.Build.0 = Release|x64
		{AD8FF974-80B3-448B-83F1-91E8E402DF5C}.Release Kernel|x86.ActiveCfg = Release|Win32
		{AD8FF974-80B3-448B-83F1-91E8E402DF5C}.Release Kernel|x86.Build.0 = Release|Win32
		{AD8FF974-80B3-448B-83F1-91E8E402DF5C}.Release MD DLL|x64.ActiveCfg = Release|x64
		{AD8FF974-80B3-448B-83F1-91E8E402DF5C}.Release MD DLL|x64.Build.0 = Release|x64
		{AD8FF974-80B3-448B-83F1-91E8E402DF5C}.Release MD DLL|x86.ActiveCfg = Release|Win32
		{AD8FF974-80B3-448B-83F1-91E8E402DF5C}.Release MD DLL|x86.Build.0 = Release|Win32
		{AD8FF974-80B3-448B-83F1-91E8E402DF5C}.Release MD|x64.ActiveCfg = Release|x64
		{AD8FF974-80B3-448B-83F1-91E8E402DF5C}.Release MD|x64.Build.0 = Release|x64
		{AD8FF974-80B3-448B-83F1-91E8E402DF5C}.Release MD|x86.ActiveCfg = Release|Win32
		{AD8FF974-80B3-448B-83F1-91E8E402DF5C}.Release MD|x86.Build.0 = Release|Win32
		{AD8FF974-80B3-448B-83F1-91E8E402DF5C}.Release MT DLL|x64.ActiveCfg = Release|x64
		{AD8FF974-80B3-448B-83F1-91E8E402DF5C}.Release MT DLL|x64.Build.0 = Release|x64
		{AD8FF974-80B3-448B-83F1-91E8E402DF5C}.Release MT DLL|x86.ActiveCfg = Release|Win32
		{AD8FF974-80B3-448B-83F1-91E8E402DF5C}.Release MT DLL|x86.Build.0 = Release|Win32
		{AD8FF974-80B3-448B-83F1-91E8E402DF5C}.Release MT|x64.ActiveCfg = Release|x64
		{AD8FF974-80B3-448B-83F1-91E8E402DF5C}.Release MT|x64.Build.0 = Release|x64
		{AD8FF974-80B3-448B-83F1-91E8E402DF5C}.Release MT|x86.ActiveCfg = Release|Win32
		{AD8FF974-80B3-448B-83F1-91E8E402DF5C}.Release MT|x86.Build.0 = Release|Win32
		{AD8FF974-80B3-448B-83F1-91E8E402DF5C}.Release|x64.ActiveCfg = Release|x64
		{AD8FF974-80B3-448B-83F1-91E8E402DF5C}.Release|x64.Build.0 = Release|x64
		{AD8FF974-80B3-448B-83F1-91E8E402DF5C}.Release|x86.ActiveCfg = Release|Win32
		{AD8FF974-80B3-448B-83F1-91E8E402DF5C}.Release|x86.Build.0 = Release|Win32
	EndGlobalSection
	GlobalSection(SolutionProperties) = preSolution
		HideSolutionNode = FALSE
	EndGlobalSection
	GlobalSection(NestedProjects) = preSolution
		{E15D6100-A91F-4C0C-A988-6D943A40DECD} = {78F450CD-C790-4C80-8667-FBF3E05DEABC}
	EndGlobalSection
	GlobalSection(ExtensibilityGlobals) = postSolution
		SolutionGuid = {851AEECD-EDB5-4D8C-A7C3-158AD2183F71}
	EndGlobalSection
EndGlobal
